
Microsoft Visual Studio Solution File, Format Version 12.00
# Visual Studio Version 17
VisualStudioVersion = 17.4.33213.308
MinimumVisualStudioVersion = 10.0.40219.1
Project("{FAE04EC0-301F-11D3-BF4B-00C04F79EFBC}") = "Ejercicio 1", "Ejercicio 1.csproj", "{C6D51A87-4173-4EAD-9698-40C1B526DF80}"
EndProject
Project("{FAE04EC0-301F-11D3-BF4B-00C04F79EFBC}") = "Ejercicio 2", "..\Ejercicio 2\Ejercicio 2.csproj", "{D661B76E-47B8-4CCD-AC63-68A596FBFDAB}"
EndProject
Global
	GlobalSection(SolutionConfigurationPlatforms) = preSolution
		Debug|Any CPU = Debug|Any CPU
		Release|Any CPU = Release|Any CPU
	EndGlobalSection
	GlobalSection(ProjectConfigurationPlatforms) = postSolution
		{C6D51A87-4173-4EAD-9698-40C1B526DF80}.Debug|Any CPU.ActiveCfg = Debug|Any CPU
		{C6D51A87-4173-4EAD-9698-40C1B526DF80}.Debug|Any CPU.Build.0 = Debug|Any CPU
		{C6D51A87-4173-4EAD-9698-40C1B526DF80}.Release|Any CPU.ActiveCfg = Release|Any CPU
		{C6D51A87-4173-4EAD-9698-40C1B526DF80}.Release|Any CPU.Build.0 = Release|Any CPU
		{D661B76E-47B8-4CCD-AC63-68A596FBFDAB}.Debug|Any CPU.ActiveCfg = Debug|Any CPU
		{D661B76E-47B8-4CCD-AC63-68A596FBFDAB}.Debug|Any CPU.Build.0 = Debug|Any CPU
		{D661B76E-47B8-4CCD-AC63-68A596FBFDAB}.Release|Any CPU.ActiveCfg = Release|Any CPU
		{D661B76E-47B8-4CCD-AC63-68A596FBFDAB}.Release|Any CPU.Build.0 = Release|Any CPU
	EndGlobalSection
	GlobalSection(SolutionProperties) = preSolution
		HideSolutionNode = FALSE
	EndGlobalSection
	GlobalSection(ExtensibilityGlobals) = postSolution
		SolutionGuid = {AC4041AF-1681-4324-9394-327ADBAB040E}
	EndGlobalSection
EndGlobal
