
Microsoft Visual Studio Solution File, Format Version 12.00
# Visual Studio Version 17
VisualStudioVersion = 17.4.33213.308
MinimumVisualStudioVersion = 10.0.40219.1
Project("{FAE04EC0-301F-11D3-BF4B-00C04F79EFBC}") = "Ejercicio 1", "Ejercicios\Ejercicio 1.csproj", "{8CC0526B-45F0-4615-B1D3-FE3681AC299A}"
EndProject
Project("{FAE04EC0-301F-11D3-BF4B-00C04F79EFBC}") = "Ejercicio 2", "Ejercicio 2\Ejercicio 2.csproj", "{BA94C2F2-C01E-42B1-8DE6-925CEFF8C344}"
EndProject
Project("{FAE04EC0-301F-11D3-BF4B-00C04F79EFBC}") = "Ejercicio 3", "Ejercicio 3\Ejercicio 3.csproj", "{CBE96348-0294-4D41-8917-30771DCD5756}"
EndProject
Global
	GlobalSection(SolutionConfigurationPlatforms) = preSolution
		Debug|Any CPU = Debug|Any CPU
		Release|Any CPU = Release|Any CPU
	EndGlobalSection
	GlobalSection(ProjectConfigurationPlatforms) = postSolution
		{8CC0526B-45F0-4615-B1D3-FE3681AC299A}.Debug|Any CPU.ActiveCfg = Debug|Any CPU
		{8CC0526B-45F0-4615-B1D3-FE3681AC299A}.Debug|Any CPU.Build.0 = Debug|Any CPU
		{8CC0526B-45F0-4615-B1D3-FE3681AC299A}.Release|Any CPU.ActiveCfg = Release|Any CPU
		{8CC0526B-45F0-4615-B1D3-FE3681AC299A}.Release|Any CPU.Build.0 = Release|Any CPU
		{BA94C2F2-C01E-42B1-8DE6-925CEFF8C344}.Debug|Any CPU.ActiveCfg = Debug|Any CPU
		{BA94C2F2-C01E-42B1-8DE6-925CEFF8C344}.Debug|Any CPU.Build.0 = Debug|Any CPU
		{BA94C2F2-C01E-42B1-8DE6-925CEFF8C344}.Release|Any CPU.ActiveCfg = Release|Any CPU
		{BA94C2F2-C01E-42B1-8DE6-925CEFF8C344}.Release|Any CPU.Build.0 = Release|Any CPU
		{CBE96348-0294-4D41-8917-30771DCD5756}.Debug|Any CPU.ActiveCfg = Debug|Any CPU
		{CBE96348-0294-4D41-8917-30771DCD5756}.Debug|Any CPU.Build.0 = Debug|Any CPU
		{CBE96348-0294-4D41-8917-30771DCD5756}.Release|Any CPU.ActiveCfg = Release|Any CPU
		{CBE96348-0294-4D41-8917-30771DCD5756}.Release|Any CPU.Build.0 = Release|Any CPU
	EndGlobalSection
	GlobalSection(SolutionProperties) = preSolution
		HideSolutionNode = FALSE
	EndGlobalSection
	GlobalSection(ExtensibilityGlobals) = postSolution
		SolutionGuid = {113A58AA-8AFA-4CAE-A877-7C511480D975}
	EndGlobalSection
EndGlobal
